
Microsoft Visual Studio Solution File, Format Version 12.00
# Visual Studio Version 17
VisualStudioVersion = 17.3.32901.215
MinimumVisualStudioVersion = 10.0.40219.1
Project("{FAE04EC0-301F-11D3-BF4B-00C04F79EFBC}") = "zekta", "zekta\zekta.csproj", "{B13519AA-010A-40B0-A63C-5C98D4E49FEA}"
EndProject
Global
	GlobalSection(SolutionConfigurationPlatforms) = preSolution
		Debug|Any CPU = Debug|Any CPU
		Release|Any CPU = Release|Any CPU
	EndGlobalSection
	GlobalSection(ProjectConfigurationPlatforms) = postSolution
		{B13519AA-010A-40B0-A63C-5C98D4E49FEA}.Debug|Any CPU.ActiveCfg = Debug|Any CPU
		{B13519AA-010A-40B0-A63C-5C98D4E49FEA}.Debug|Any CPU.Build.0 = Debug|Any CPU
		{B13519AA-010A-40B0-A63C-5C98D4E49FEA}.Release|Any CPU.ActiveCfg = Release|Any CPU
		{B13519AA-010A-40B0-A63C-5C98D4E49FEA}.Release|Any CPU.Build.0 = Release|Any CPU
	EndGlobalSection
	GlobalSection(SolutionProperties) = preSolution
		HideSolutionNode = FALSE
	EndGlobalSection
	GlobalSection(ExtensibilityGlobals) = postSolution
		SolutionGuid = {9B9FF59D-E752-4E2D-9AF1-47F1C6C1B509}
	EndGlobalSection
EndGlobal
